
Microsoft Visual Studio Solution File, Format Version 12.00
# Visual Studio Version 16
VisualStudioVersion = 16.0.30907.101
MinimumVisualStudioVersion = 10.0.40219.1
Project("{FAE04EC0-301F-11D3-BF4B-00C04F79EFBC}") = "Beadando-bbxu5f", "Beadando-bbxu5f\Beadando-bbxu5f.csproj", "{3239C3DB-236F-42FB-8658-9C02E564DC9B}"
EndProject
Global
	GlobalSection(SolutionConfigurationPlatforms) = preSolution
		Debug|Any CPU = Debug|Any CPU
		Release|Any CPU = Release|Any CPU
	EndGlobalSection
	GlobalSection(ProjectConfigurationPlatforms) = postSolution
		{3239C3DB-236F-42FB-8658-9C02E564DC9B}.Debug|Any CPU.ActiveCfg = Debug|Any CPU
		{3239C3DB-236F-42FB-8658-9C02E564DC9B}.Debug|Any CPU.Build.0 = Debug|Any CPU
		{3239C3DB-236F-42FB-8658-9C02E564DC9B}.Release|Any CPU.ActiveCfg = Release|Any CPU
		{3239C3DB-236F-42FB-8658-9C02E564DC9B}.Release|Any CPU.Build.0 = Release|Any CPU
	EndGlobalSection
	GlobalSection(SolutionProperties) = preSolution
		HideSolutionNode = FALSE
	EndGlobalSection
	GlobalSection(ExtensibilityGlobals) = postSolution
		SolutionGuid = {CB66E684-FDF4-4BCE-9A59-5156C1D97EA0}
	EndGlobalSection
EndGlobal
